
Microsoft Visual Studio Solution File, Format Version 12.00
# Visual Studio Version 17
VisualStudioVersion = 17.11.35219.272
MinimumVisualStudioVersion = 10.0.40219.1
Project("{FAE04EC0-301F-11D3-BF4B-00C04F79EFBC}") = "505064-MuhammadBudiSetiawan-ResponsiJuniorProject", "505064-MuhammadBudiSetiawan-ResponsiJuniorProject.csproj", "{66487616-F683-4644-9FCE-A08AF0246ADC}"
EndProject
Global
	GlobalSection(SolutionConfigurationPlatforms) = preSolution
		Debug|Any CPU = Debug|Any CPU
		Release|Any CPU = Release|Any CPU
	EndGlobalSection
	GlobalSection(ProjectConfigurationPlatforms) = postSolution
		{66487616-F683-4644-9FCE-A08AF0246ADC}.Debug|Any CPU.ActiveCfg = Debug|Any CPU
		{66487616-F683-4644-9FCE-A08AF0246ADC}.Debug|Any CPU.Build.0 = Debug|Any CPU
		{66487616-F683-4644-9FCE-A08AF0246ADC}.Release|Any CPU.ActiveCfg = Release|Any CPU
		{66487616-F683-4644-9FCE-A08AF0246ADC}.Release|Any CPU.Build.0 = Release|Any CPU
	EndGlobalSection
	GlobalSection(SolutionProperties) = preSolution
		HideSolutionNode = FALSE
	EndGlobalSection
	GlobalSection(ExtensibilityGlobals) = postSolution
		SolutionGuid = {E1E86885-E8BC-446B-BFB9-98EF2C5098D1}
	EndGlobalSection
EndGlobal
